<Solution>
  <Folder Name="/Solution Items/">
    <File Path="Dockerfile.txt" />
  </Folder>
  <Folder Name="/src/">
    <Project Path="src/AgenticCommerce.API/AgenticCommerce.API.csproj" />
    <Project Path="src/AgenticCommerce.Core/AgenticCommerce.Core.csproj" />
    <Project Path="src/AgenticCommerce.Infrastructure/AgenticCommerce.Infrastructure.csproj" />
  </Folder>
  <Folder Name="/mcp-server/">
    <Project Path="mcp-server/AgentRails.McpServer.csproj" />
  </Folder>
  <Folder Name="/tests/">
    <Project Path="tests/AgenticCommerce.Tests/AgenticCommerce.Tests.csproj" />
    <Project Path="tests/AgentRails.McpServer.Tests/AgentRails.McpServer.Tests.csproj" />
  </Folder>
</Solution>
